{
  "version": 1,
  "dependencies": {
    "net9.0": {
      "Azure.AI.Vision.Face": {
        "type": "Direct",
        "requested": "[1.0.0-beta.2, )",
        "resolved": "1.0.0-beta.2",
        "contentHash": "Qx/yGm35Jld7oWRC8eylbnrmsWUtKIB83I+lLrz0TkLZyqBuGfd5lwlFwU32u4V/OLro0p9M+EDrLshbQQYavw==",
        "dependencies": {
          "Azure.Core": "1.44.1"
        }
      },
      "CsvHelper": {
        "type": "Direct",
        "requested": "[33.1.0, )",
        "resolved": "33.1.0",
        "contentHash": "kqfTOZGrn7NarNeXgjh86JcpTHUoeQDMB8t9NVa/ZtlSYiV1rxfRnQ49WaJsob4AiGrbK0XDzpyKkBwai4F8eg=="
      },
      "Emgu.CV": {
        "type": "Direct",
        "requested": "[4.12.0.5764, )",
        "resolved": "4.12.0.5764",
        "contentHash": "629jbQI7SjB6EviVwunEliIojnap2Pa239/phyjkrhMoQNJk43dWJBOhH4U9nLsOsKLSX4Xyv82t38xcXq4qyQ=="
      },
      "Emgu.CV.runtime.ubuntu-x64": {
        "type": "Direct",
        "requested": "[4.12.0.5764, )",
        "resolved": "4.12.0.5764",
        "contentHash": "BOZ7WcNyphqi6xV5EGWOj5mpmT909lc2MyUZneD+LEjD68+L+mSJZBxBiu3CaFltfwqdZdfQd/yjY5kxjLm6yw==",
        "dependencies": {
          "Emgu.CV": "4.12.0.5764"
        }
      },
      "Emgu.CV.runtime.windows": {
        "type": "Direct",
        "requested": "[4.12.0.5764, )",
        "resolved": "4.12.0.5764",
        "contentHash": "RCOAc9kmxZp5F050ygd3pLTBFnSZWdxai/Dnyr/Q2EEV2R4JgXu+OoB4fr83GLeytTkll9WAeVWLRTDve9ijIA==",
        "dependencies": {
          "Emgu.CV": "4.12.0",
          "Emgu.runtime.windows.msvc.rt.arm64": "19.44.35214",
          "Emgu.runtime.windows.msvc.rt.x64": "19.44.35214",
          "Emgu.runtime.windows.msvc.rt.x86": "19.44.35214"
        }
      },
      "Microsoft.AspNetCore.Authentication.JwtBearer": {
        "type": "Direct",
        "requested": "[9.0.10, )",
        "resolved": "9.0.10",
        "contentHash": "lf82sEH4eETi8DBfV7UIkAYPKJuU9OT0Xpw7OcWC5dHWNZYnxVqhT6jM3Y1Hz3yXhbhTRTmcz4U/+VfcZCBkSA==",
        "dependencies": {
          "Microsoft.IdentityModel.Protocols.OpenIdConnect": "8.0.1"
        }
      },
      "Microsoft.AspNetCore.Mvc.Testing": {
        "type": "Direct",
        "requested": "[9.0.10, )",
        "resolved": "9.0.10",
        "contentHash": "Qj7gXJnHqN+5tQO8E7WtSUum55gQURgoOjU/ah6x9mPsYpzC38bm+U1nR2gnuMp8CFxV2PSly5n9JTjsvZmzyg==",
        "dependencies": {
          "Microsoft.AspNetCore.TestHost": "9.0.10",
          "Microsoft.Extensions.DependencyModel": "9.0.10"
        }
      },
      "Microsoft.AspNetCore.OpenApi": {
        "type": "Direct",
        "requested": "[9.0.10, )",
        "resolved": "9.0.10",
        "contentHash": "yAv5EDEi0Nkk75Vhxh6ppuXd/QIO8hzjGpAt/fGInMZWIX/mVwZ1IM50YFIWeLCVM8KDj0oFPQdcLeQ+9hEJsw==",
        "dependencies": {
          "Microsoft.OpenApi": "1.6.17"
        }
      },
      "Microsoft.Extensions.ApiDescription.Server": {
        "type": "Direct",
        "requested": "[9.0.10, )",
        "resolved": "9.0.10",
        "contentHash": "r/6WBi2+eRDBwdGelyVyI3YOKjkUW/M3uANFbgFz1wH6MtDPvn1y+H+JZwxktIB7v9Ws7RjdUxq8coCbzMUE4Q=="
      },
      "Newtonsoft.Json": {
        "type": "Direct",
        "requested": "[13.0.4, )",
        "resolved": "13.0.4",
        "contentHash": "pdgNNMai3zv51W5aq268sujXUyx7SNdE2bj1wZcWjAQrKMFZV260lbqYop1d2GM67JI1huLRwxo9ZqnfF/lC6A=="
      },
      "ResultSharp": {
        "type": "Direct",
        "requested": "[0.3.1, )",
        "resolved": "0.3.1",
        "contentHash": "r2wcIqs1EO1K9ouo9o8KffNnHpxTqZjCPsqoAJGU7CwMOWGGuZUr0CeEBvcEJmwJ1Yhv+kZGz2g2i6WM6Du1XQ=="
      },
      "Supabase": {
        "type": "Direct",
        "requested": "[1.1.1, )",
        "resolved": "1.1.1",
        "contentHash": "LW9O05IiZBW3YUDT/gndPKvzT3I7PVgx0j87+AdJu7mT42m7oh2nOnjuDR9pU0E9FE2Ke/QGovrH/u5OjGn7lg==",
        "dependencies": {
          "Newtonsoft.Json": "13.0.3",
          "Supabase.Core": "1.0.0",
          "Supabase.Functions": "2.0.0",
          "Supabase.Gotrue": "6.0.3",
          "Supabase.Postgrest": "4.0.3",
          "Supabase.Realtime": "7.0.2",
          "Supabase.Storage": "2.0.2"
        }
      },
      "Azure.Core": {
        "type": "Transitive",
        "resolved": "1.44.1",
        "contentHash": "YyznXLQZCregzHvioip07/BkzjuWNXogJEVz9T5W6TwjNr17ax41YGzYMptlo2G10oLCuVPoyva62y0SIRDixg==",
        "dependencies": {
          "Microsoft.Bcl.AsyncInterfaces": "6.0.0",
          "System.ClientModel": "1.1.0",
          "System.Memory.Data": "6.0.0"
        }
      },
      "Emgu.runtime.windows.msvc.rt.arm64": {
        "type": "Transitive",
        "resolved": "19.44.35214",
        "contentHash": "ugNJFVV01rvFAnS3swIm9TJiK/x2AlNZXOCB4bwp7U5gLZ35eUV62mnHqG6/yRk/I/k9aUjZZ/zwHFrHrgZyvg=="
      },
      "Emgu.runtime.windows.msvc.rt.x64": {
        "type": "Transitive",
        "resolved": "19.44.35214",
        "contentHash": "QGKE7bohY7tLy7iBMJTY+VXQbM2nLVA7AFQLrqPHIK7bWTOPgeIbITefjUwYyxD/wFXwj93GOQq7VIAzDyNztA=="
      },
      "Emgu.runtime.windows.msvc.rt.x86": {
        "type": "Transitive",
        "resolved": "19.44.35214",
        "contentHash": "Cgs6eutsi7s4vO79djADbOpXdKG5x1tq4R4hq5wDIv58FimSQyIiRvnkCbZzRMUcIpXOX09W4y7P2XKS9UfSYw=="
      },
      "Microsoft.AspNetCore.TestHost": {
        "type": "Transitive",
        "resolved": "9.0.10",
        "contentHash": "sKyEjqIRN7GXgrdX0c7Rx47iEtn4s632/GQCixqPU0uXnCfhzoUOHF7oXuSr88ljiG5gA2HBWlnk4S90W+gd1g=="
      },
      "Microsoft.Bcl.AsyncInterfaces": {
        "type": "Transitive",
        "resolved": "6.0.0",
        "contentHash": "UcSjPsst+DfAdJGVDsu346FX0ci0ah+lw3WRtn18NUwEqRt70HaOQ7lI72vy3+1LxtqI3T5GWwV39rQSrCzAeg=="
      },
      "Microsoft.Extensions.DependencyModel": {
        "type": "Transitive",
        "resolved": "9.0.10",
        "contentHash": "qCIWxEPt6Y9Z/Vx2R6JsfX7pwxIHC2GYlkcFbTox3MpsiNexyLkvPFTNsfmAaKpjTZ6FhNmvY3BdrwLX4+X0cQ=="
      },
      "Microsoft.IdentityModel.Abstractions": {
        "type": "Transitive",
        "resolved": "8.0.1",
        "contentHash": "OtlIWcyX01olfdevPKZdIPfBEvbcioDyBiE/Z2lHsopsMD7twcKtlN9kMevHmI5IIPhFpfwCIiR6qHQz1WHUIw=="
      },
      "Microsoft.IdentityModel.JsonWebTokens": {
        "type": "Transitive",
        "resolved": "8.0.1",
        "contentHash": "s6++gF9x0rQApQzOBbSyp4jUaAlwm+DroKfL8gdOHxs83k8SJfUXhuc46rDB3rNXBQ1MVRxqKUrqFhO/M0E97g==",
        "dependencies": {
          "Microsoft.IdentityModel.Tokens": "8.0.1"
        }
      },
      "Microsoft.IdentityModel.Logging": {
        "type": "Transitive",
        "resolved": "8.0.1",
        "contentHash": "UCPF2exZqBXe7v/6sGNiM6zCQOUXXQ9+v5VTb9gPB8ZSUPnX53BxlN78v2jsbIvK9Dq4GovQxo23x8JgWvm/Qg==",
        "dependencies": {
          "Microsoft.IdentityModel.Abstractions": "8.0.1"
        }
      },
      "Microsoft.IdentityModel.Protocols": {
        "type": "Transitive",
        "resolved": "8.0.1",
        "contentHash": "uA2vpKqU3I2mBBEaeJAWPTjT9v1TZrGWKdgK6G5qJd03CLx83kdiqO9cmiK8/n1erkHzFBwU/RphP83aAe3i3g==",
        "dependencies": {
          "Microsoft.IdentityModel.Tokens": "8.0.1"
        }
      },
      "Microsoft.IdentityModel.Protocols.OpenIdConnect": {
        "type": "Transitive",
        "resolved": "8.0.1",
        "contentHash": "AQDbfpL+yzuuGhO/mQhKNsp44pm5Jv8/BI4KiFXR7beVGZoSH35zMV3PrmcfvSTsyI6qrcR898NzUauD6SRigg==",
        "dependencies": {
          "Microsoft.IdentityModel.Protocols": "8.0.1",
          "System.IdentityModel.Tokens.Jwt": "8.0.1"
        }
      },
      "Microsoft.IdentityModel.Tokens": {
        "type": "Transitive",
        "resolved": "8.0.1",
        "contentHash": "kDimB6Dkd3nkW2oZPDkMkVHfQt3IDqO5gL0oa8WVy3OP4uE8Ij+8TXnqg9TOd9ufjsY3IDiGz7pCUbnfL18tjg==",
        "dependencies": {
          "Microsoft.IdentityModel.Logging": "8.0.1"
        }
      },
      "Microsoft.IO.RecyclableMemoryStream": {
        "type": "Transitive",
        "resolved": "3.0.0",
        "contentHash": "irv0HuqoH8Ig5i2fO+8dmDNdFdsrO+DoQcedwIlb810qpZHBNQHZLW7C/AHBQDgLLpw2T96vmMAy/aE4Yj55Sg=="
      },
      "Microsoft.OpenApi": {
        "type": "Transitive",
        "resolved": "1.6.17",
        "contentHash": "Le+kehlmrlQfuDFUt1zZ2dVwrhFQtKREdKBo+rexOwaCoYP0/qpgT9tLxCsZjsgR5Itk1UKPcbgO+FyaNid/bA=="
      },
      "MimeMapping": {
        "type": "Transitive",
        "resolved": "3.0.1",
        "contentHash": "lhYcUVnWKaqrboAwi05YLCx3wdluM9Sr1Mv5Emhgc8c8yNVvdiSEnQJMdDvgb4grlYTaOmbnhYaezoeateX95w=="
      },
      "Supabase.Core": {
        "type": "Transitive",
        "resolved": "1.0.0",
        "contentHash": "fJK3Kfq1alw53AGWHBr+dhPu+BUR5dKuBjGhcxrFRVdsFFFWSD5iPIdTYi0CUQDA2b1OjGudYL1xd51yp4hU9Q=="
      },
      "Supabase.Functions": {
        "type": "Transitive",
        "resolved": "2.0.0",
        "contentHash": "rc6zlo6XFkQw/B9fEgwpXHtmNPrnnHmtc96PTbviBJ9lzqPT/Un/G3V9MltlORtnG2RLkLvvS/t2AXAO8m2SCQ==",
        "dependencies": {
          "Newtonsoft.Json": "13.0.3",
          "Supabase.Core": "1.0.0"
        }
      },
      "Supabase.Gotrue": {
        "type": "Transitive",
        "resolved": "6.0.3",
        "contentHash": "8dkg000ib95bJm0ffDPUrALrefBHrkiqcolNjuUEStF2TeytPbV+OtOUJAMBOqZ2f1nsCY61Ck/7NOmOyGteDw==",
        "dependencies": {
          "Newtonsoft.Json": "13.0.3",
          "Supabase.Core": "1.0.0",
          "System.IdentityModel.Tokens.Jwt": "7.5.1"
        }
      },
      "Supabase.Postgrest": {
        "type": "Transitive",
        "resolved": "4.1.0",
        "contentHash": "DwgBVeU3Xjo1pr7vJ7EiTEHFHa7bN4CwOvsiDqTFfT5Q8Dq1Ok/KT7P6XUbs578zYA2uQb7II8TLo0dfv6Qx5g==",
        "dependencies": {
          "Newtonsoft.Json": "13.0.3",
          "Supabase.Core": "1.0.0"
        }
      },
      "Supabase.Realtime": {
        "type": "Transitive",
        "resolved": "7.0.2",
        "contentHash": "9nwlR9RR+uyD63VUaiqAPsd76NaeM6ORAHq7otc4G34RzBtf6aqjPg9IF6d1DGIk78/lJP31+D4NJmQhl3PkJQ==",
        "dependencies": {
          "Newtonsoft.Json": "13.0.3",
          "Supabase.Core": "1.0.0",
          "Supabase.Postgrest": "4.0.3",
          "Websocket.Client": "5.1.1"
        }
      },
      "Supabase.Storage": {
        "type": "Transitive",
        "resolved": "2.0.2",
        "contentHash": "YKxgwVgLjxi32ze29FT8aSLifiTVSZSxSyI9taOewp6wuxh+aMIPLKWtGEhFhegLv2iFwGcZ3ybMDkCi6RB7Rw==",
        "dependencies": {
          "MimeMapping": "3.0.1",
          "Newtonsoft.Json": "13.0.3",
          "Supabase.Core": "1.0.0"
        }
      },
      "System.ClientModel": {
        "type": "Transitive",
        "resolved": "1.1.0",
        "contentHash": "UocOlCkxLZrG2CKMAAImPcldJTxeesHnHGHwhJ0pNlZEvEXcWKuQvVOER2/NiOkJGRJk978SNdw3j6/7O9H1lg==",
        "dependencies": {
          "System.Memory.Data": "1.0.2"
        }
      },
      "System.IdentityModel.Tokens.Jwt": {
        "type": "Transitive",
        "resolved": "8.0.1",
        "contentHash": "GJw3bYkWpOgvN3tJo5X4lYUeIFA2HD293FPUhKmp7qxS+g5ywAb34Dnd3cDAFLkcMohy5XTpoaZ4uAHuw0uSPQ==",
        "dependencies": {
          "Microsoft.IdentityModel.JsonWebTokens": "8.0.1",
          "Microsoft.IdentityModel.Tokens": "8.0.1"
        }
      },
      "System.Memory.Data": {
        "type": "Transitive",
        "resolved": "6.0.0",
        "contentHash": "ntFHArH3I4Lpjf5m4DCXQHJuGwWPNVJPaAvM95Jy/u+2Yzt2ryiyIN04LAogkjP9DeRcEOiviAjQotfmPq/FrQ=="
      },
      "System.Reactive": {
        "type": "Transitive",
        "resolved": "6.0.0",
        "contentHash": "31kfaW4ZupZzPsI5PVe77VhnvFF55qgma7KZr/E0iFTs6fmdhhG8j0mgEx620iLTey1EynOkEfnyTjtNEpJzGw=="
      },
      "Websocket.Client": {
        "type": "Transitive",
        "resolved": "5.1.1",
        "contentHash": "VpQV6b8HRnw6bFFIPTOOMtOxba3/viH9K2U2LdOYNjQ2b2HrLHxjodmJr3nPwyNSrtrRPr1RDwOMJ5qqlPnCVg==",
        "dependencies": {
          "Microsoft.IO.RecyclableMemoryStream": "3.0.0",
          "System.Reactive": "6.0.0"
        }
      },
      "supabaseshared": {
        "type": "Project",
        "dependencies": {
          "Supabase.Postgrest": "[4.1.0, )"
        }
      }
    }
  }
}