{
  "version": 1,
  "dependencies": {
    "net9.0-windows10.0.19041": {
      "CommunityToolkit.Maui": {
        "type": "Direct",
        "requested": "[12.2.0, )",
        "resolved": "12.2.0",
        "contentHash": "hvS8bGWK9bVuZ7TnfLfgD0mv4AOfDvlSqImPrN/HHWqx6eatj9yOXVrVClhcO1vR8eu0cl4og6MrhW7Rh+mBGw==",
        "dependencies": {
          "CommunityToolkit.Maui.Core": "12.2.0",
          "Microsoft.Maui.Controls": "[9.0.90, 10.0.0)"
        }
      },
      "CommunityToolkit.Mvvm": {
        "type": "Direct",
        "requested": "[8.4.0, )",
        "resolved": "8.4.0",
        "contentHash": "tqVU8yc/ADO9oiTRyTnwhFN68hCwvkliMierptWOudIAvWY1mWCh5VFh+guwHJmpMwfg0J0rY+yyd5Oy7ty9Uw=="
      },
      "Microsoft.Data.Sqlite.Core": {
        "type": "Direct",
        "requested": "[9.0.9, )",
        "resolved": "9.0.9",
        "contentHash": "DjxZRueHp0qvZxhvW+H1IWYkSofZI8Chg710KYJjNP/6S4q3rt97pvR8AHOompkSwaN92VLKz5uw01iUt85cMg==",
        "dependencies": {
          "SQLitePCLRaw.core": "2.1.10"
        }
      },
      "Microsoft.Extensions.Configuration.Json": {
        "type": "Direct",
        "requested": "[9.0.9, )",
        "resolved": "9.0.9",
        "contentHash": "PiPYo1GTinR2ECM80zYdZUIFmde6jj5DryXUcOJg3yIjh+KQMQr42e+COD03QUsUiqNkJk511wVTnVpTm2AVZA==",
        "dependencies": {
          "Microsoft.Extensions.Configuration": "9.0.9",
          "Microsoft.Extensions.Configuration.Abstractions": "9.0.9",
          "Microsoft.Extensions.Configuration.FileExtensions": "9.0.9",
          "Microsoft.Extensions.FileProviders.Abstractions": "9.0.9"
        }
      },
      "Microsoft.Extensions.Http": {
        "type": "Direct",
        "requested": "[9.0.9, )",
        "resolved": "9.0.9",
        "contentHash": "dTmh5Rj4/WpirsN1PDs8YhyaodgtzxWqPKaT+B3Zn72uHKLJOuxIt06HTea126eEDWHYSLNN61I4snw7PuerFg==",
        "dependencies": {
          "Microsoft.Extensions.Configuration.Abstractions": "9.0.9",
          "Microsoft.Extensions.DependencyInjection.Abstractions": "9.0.9",
          "Microsoft.Extensions.Diagnostics": "9.0.9",
          "Microsoft.Extensions.Logging": "9.0.9",
          "Microsoft.Extensions.Logging.Abstractions": "9.0.9",
          "Microsoft.Extensions.Options": "9.0.9"
        }
      },
      "Microsoft.Extensions.Logging.Debug": {
        "type": "Direct",
        "requested": "[9.0.9, )",
        "resolved": "9.0.9",
        "contentHash": "q8IbjIzTjfaGfuf9LAuG3X9BytAWj2hWhLU61rEkit847oaSSbcdx/yybY3yL9RgVG1u9ctk7kbCv18M+7Fi6Q==",
        "dependencies": {
          "Microsoft.Extensions.DependencyInjection.Abstractions": "9.0.9",
          "Microsoft.Extensions.Logging": "9.0.9",
          "Microsoft.Extensions.Logging.Abstractions": "9.0.9"
        }
      },
      "Microsoft.Maui.Controls": {
        "type": "Direct",
        "requested": "[9.0.110, )",
        "resolved": "9.0.110",
        "contentHash": "xFUIQmhBf2fVhurknrB4X2Fd7WvkmtLfnGMbbzRWXFY8XObygTVmPmYZOXIPx39YaHUucDkfWFFQsV7/jsej9g==",
        "dependencies": {
          "Microsoft.Maui.Controls.Build.Tasks": "9.0.110",
          "Microsoft.Maui.Controls.Core": "9.0.110",
          "Microsoft.Maui.Controls.Xaml": "9.0.110",
          "Microsoft.Maui.Resizetizer": "9.0.110"
        }
      },
      "SQLitePCLRaw.bundle_green": {
        "type": "Direct",
        "requested": "[2.1.11, )",
        "resolved": "2.1.11",
        "contentHash": "Wp7J4fc/SozbYjQM7DTv1oIThtkPZhNfkNuz3bmc+/eDu0lbU9VFpyM8ESNoBi+wOpRFDbq18ZI0g+iQOx6LoA==",
        "dependencies": {
          "SQLitePCLRaw.lib.e_sqlite3": "2.1.11",
          "SQLitePCLRaw.provider.e_sqlite3": "2.1.11"
        }
      },
      "Supabase": {
        "type": "Direct",
        "requested": "[1.1.1, )",
        "resolved": "1.1.1",
        "contentHash": "LW9O05IiZBW3YUDT/gndPKvzT3I7PVgx0j87+AdJu7mT42m7oh2nOnjuDR9pU0E9FE2Ke/QGovrH/u5OjGn7lg==",
        "dependencies": {
          "Newtonsoft.Json": "13.0.3",
          "Supabase.Core": "1.0.0",
          "Supabase.Functions": "2.0.0",
          "Supabase.Gotrue": "6.0.3",
          "Supabase.Postgrest": "4.0.3",
          "Supabase.Realtime": "7.0.2",
          "Supabase.Storage": "2.0.2"
        }
      },
      "Syncfusion.Maui.Toolkit": {
        "type": "Direct",
        "requested": "[1.0.7, )",
        "resolved": "1.0.7",
        "contentHash": "eJGWOr5NfP/lG+UThNfbOhQGy68kh2aIkBN0EUaEelEM8qBxYfBWUqOdLJAqIuedD/6L4wK9HlANJ3eCGbt5yw=="
      },
      "CommunityToolkit.Maui.Core": {
        "type": "Transitive",
        "resolved": "12.2.0",
        "contentHash": "dZSchcT3VmjBC8K//QAMbYF22XxHmn/TdF0rDcBoZSJ66VkuDycXtj7pYmuONCNoSxpiFsXjNgUQkPjbRZAciw==",
        "dependencies": {
          "Microsoft.Maui.Core": "[9.0.90, 10.0.0)",
          "Microsoft.Maui.Essentials": "[9.0.90, 10.0.0)",
          "System.Speech": "9.0.5"
        }
      },
      "Microsoft.Extensions.Configuration": {
        "type": "Transitive",
        "resolved": "9.0.9",
        "contentHash": "w87wF/90/VI0ZQBhf4rbMEeyEy0vi2WKjFmACsNAKNaorY+ZlVz7ddyXkbADvaWouMKffNmR0yQOGcrvSSvKGg==",
        "dependencies": {
          "Microsoft.Extensions.Configuration.Abstractions": "9.0.9",
          "Microsoft.Extensions.Primitives": "9.0.9"
        }
      },
      "Microsoft.Extensions.Configuration.Abstractions": {
        "type": "Transitive",
        "resolved": "9.0.9",
        "contentHash": "p5RKAY9POvs3axwA/AQRuJeM8AHuE8h4qbP1NxQeGm0ep46aXz1oCLAp/oOYxX1GsjStgdhHrN3XXLLXr0+b3w==",
        "dependencies": {
          "Microsoft.Extensions.Primitives": "9.0.9"
        }
      },
      "Microsoft.Extensions.Configuration.Binder": {
        "type": "Transitive",
        "resolved": "9.0.9",
        "contentHash": "6SIp/6Bngk4jm2W36JekZbiIbFPdE/eMUtrJEqIqHGpd1zar3jvgnwxnpWQfzUiGrkyY8q8s6V82zkkEZozghA==",
        "dependencies": {
          "Microsoft.Extensions.Configuration.Abstractions": "9.0.9"
        }
      },
      "Microsoft.Extensions.Configuration.FileExtensions": {
        "type": "Transitive",
        "resolved": "9.0.9",
        "contentHash": "fvgubCs++wTowHWuQ5TAyZV0S6ldA59U+tBVqFr4/WLd0oEf6ESbdBN2CFaVdn4sZqnarqMnl2O3++RG/Jrf/w==",
        "dependencies": {
          "Microsoft.Extensions.Configuration": "9.0.9",
          "Microsoft.Extensions.Configuration.Abstractions": "9.0.9",
          "Microsoft.Extensions.FileProviders.Abstractions": "9.0.9",
          "Microsoft.Extensions.FileProviders.Physical": "9.0.9",
          "Microsoft.Extensions.Primitives": "9.0.9"
        }
      },
      "Microsoft.Extensions.DependencyInjection": {
        "type": "Transitive",
        "resolved": "9.0.9",
        "contentHash": "zQV2WOSP+3z1EuK91ULxfGgo2Y75bTRnmJHp08+w/YXAyekZutX/qCd88/HOMNh35MDW9mJJJxPpMPS+1Rww8A==",
        "dependencies": {
          "Microsoft.Extensions.DependencyInjection.Abstractions": "9.0.9"
        }
      },
      "Microsoft.Extensions.DependencyInjection.Abstractions": {
        "type": "Transitive",
        "resolved": "9.0.9",
        "contentHash": "/hymojfWbE9AlDOa0mczR44m00Jj+T3+HZO0ZnVTI032fVycI0ZbNOVFP6kqZMcXiLSYXzR2ilcwaRi6dzeGyA=="
      },
      "Microsoft.Extensions.Diagnostics": {
        "type": "Transitive",
        "resolved": "9.0.9",
        "contentHash": "gtzl9SD6CvFYOb92qEF41Z9rICzYniM342TWbbJwN3eLS6a5fCLFvO1pQGtpMSnP3h1zHXupMEeKSA9musWYCQ==",
        "dependencies": {
          "Microsoft.Extensions.Configuration": "9.0.9",
          "Microsoft.Extensions.Diagnostics.Abstractions": "9.0.9",
          "Microsoft.Extensions.Options.ConfigurationExtensions": "9.0.9"
        }
      },
      "Microsoft.Extensions.Diagnostics.Abstractions": {
        "type": "Transitive",
        "resolved": "9.0.9",
        "contentHash": "YHGmxccrVZ2Ar3eI+/NdbOHkd1/HzrHvmQ5yBsp0Gl7jTyBe6qcXNYjUt9v9JIO+Z14la44+YYEe63JSqs1fYg==",
        "dependencies": {
          "Microsoft.Extensions.DependencyInjection.Abstractions": "9.0.9",
          "Microsoft.Extensions.Options": "9.0.9"
        }
      },
      "Microsoft.Extensions.FileProviders.Abstractions": {
        "type": "Transitive",
        "resolved": "9.0.9",
        "contentHash": "M1ZhL9QkBQ/k6l/Wjgcli5zrV86HzytQ+gQiNtk9vs9Ge1fb17KKZil9T6jd15p2x/BGfXpup7Hg55CC0kkfig==",
        "dependencies": {
          "Microsoft.Extensions.Primitives": "9.0.9"
        }
      },
      "Microsoft.Extensions.FileProviders.Physical": {
        "type": "Transitive",
        "resolved": "9.0.9",
        "contentHash": "sRrPtEwbK23OCFOQ36Xn6ofiB0/nl54/BOdR7lJ/Vwg3XlyvUdmyXvFUS1EU5ltn+sQtbcPuy1l0hsysO8++SQ==",
        "dependencies": {
          "Microsoft.Extensions.FileProviders.Abstractions": "9.0.9",
          "Microsoft.Extensions.FileSystemGlobbing": "9.0.9",
          "Microsoft.Extensions.Primitives": "9.0.9"
        }
      },
      "Microsoft.Extensions.FileSystemGlobbing": {
        "type": "Transitive",
        "resolved": "9.0.9",
        "contentHash": "iQAgORaVIlkhcpxFnVEfjqNWfQCwBEEH7x2IanTwGafA6Tb4xiBoDWySTxUo3MV2NUV/PmwS/8OhT/elPnJCnw=="
      },
      "Microsoft.Extensions.Logging": {
        "type": "Transitive",
        "resolved": "9.0.9",
        "contentHash": "MaCB0Y9hNDs4YLu3HCJbo199WnJT8xSgajG1JYGANz9FkseQ5f3v/llu3HxLI6mjDlu7pa7ps9BLPWjKzsAAzQ==",
        "dependencies": {
          "Microsoft.Extensions.DependencyInjection": "9.0.9",
          "Microsoft.Extensions.Logging.Abstractions": "9.0.9",
          "Microsoft.Extensions.Options": "9.0.9"
        }
      },
      "Microsoft.Extensions.Logging.Abstractions": {
        "type": "Transitive",
        "resolved": "9.0.9",
        "contentHash": "FEgpSF+Z9StMvrsSViaybOBwR0f0ZZxDm8xV5cSOFiXN/t+ys+rwAlTd/6yG7Ld1gfppgvLcMasZry3GsI9lGA==",
        "dependencies": {
          "Microsoft.Extensions.DependencyInjection.Abstractions": "9.0.9"
        }
      },
      "Microsoft.Extensions.Options": {
        "type": "Transitive",
        "resolved": "9.0.9",
        "contentHash": "loxGGHE1FC2AefwPHzrjPq7X92LQm64qnU/whKfo6oWaceewPUVYQJBJs3S3E2qlWwnCpeZ+dGCPTX+5dgVAuQ==",
        "dependencies": {
          "Microsoft.Extensions.DependencyInjection.Abstractions": "9.0.9",
          "Microsoft.Extensions.Primitives": "9.0.9"
        }
      },
      "Microsoft.Extensions.Options.ConfigurationExtensions": {
        "type": "Transitive",
        "resolved": "9.0.9",
        "contentHash": "n4DCdnn2qs6V5U06Sx62FySEAZsJiJJgOzrPHDh9hPK7c2W8hEabC76F3Re3tGPjpiKa02RvB6FxZyxo8iICzg==",
        "dependencies": {
          "Microsoft.Extensions.Configuration.Abstractions": "9.0.9",
          "Microsoft.Extensions.Configuration.Binder": "9.0.9",
          "Microsoft.Extensions.DependencyInjection.Abstractions": "9.0.9",
          "Microsoft.Extensions.Options": "9.0.9",
          "Microsoft.Extensions.Primitives": "9.0.9"
        }
      },
      "Microsoft.Extensions.Primitives": {
        "type": "Transitive",
        "resolved": "9.0.9",
        "contentHash": "z4pyMePOrl733ltTowbN565PxBw1oAr8IHmIXNDiDqd22nFpYltX9KhrNC/qBWAG1/Zx5MHX+cOYhWJQYCO/iw=="
      },
      "Microsoft.Graphics.Win2D": {
        "type": "Transitive",
        "resolved": "1.3.2",
        "contentHash": "xAv4+Xj8wePW1innIUSXebX6UHMGDzOxwKPwYNUNY7mBrsRL/hPFEtuPLpBSxc3iBnuaCogPDCDeN7T4b1xV0Q==",
        "dependencies": {
          "Microsoft.WindowsAppSDK": "1.6.241114003"
        }
      },
      "Microsoft.IdentityModel.Abstractions": {
        "type": "Transitive",
        "resolved": "7.5.1",
        "contentHash": "PT16ZFbPIiMsYv07oy3zOjqUOJ7xutGBkJTOX0+IbNyU6+O6X7aIxjq9EaSSRLWbekRgamgtmfg8Xjw6A6Ua9g=="
      },
      "Microsoft.IdentityModel.JsonWebTokens": {
        "type": "Transitive",
        "resolved": "7.5.1",
        "contentHash": "93CGSa8RPdZU8zfvA3nf9NGKUqEnQrE12VzYlMqKh72ddhzusosqLNEUgH/YhFWBLRFOnY1RCgHMV7pR+sAx2w==",
        "dependencies": {
          "Microsoft.IdentityModel.Tokens": "7.5.1"
        }
      },
      "Microsoft.IdentityModel.Logging": {
        "type": "Transitive",
        "resolved": "7.5.1",
        "contentHash": "PnpAQX20BAiDIPYmWUyQSlEaWD8BLXzHpiDGTCT568Cs0ReOeyzNe401LzCeiv6ilug/KefVeV1CeqtCHTo8dw==",
        "dependencies": {
          "Microsoft.IdentityModel.Abstractions": "7.5.1"
        }
      },
      "Microsoft.IdentityModel.Tokens": {
        "type": "Transitive",
        "resolved": "7.5.1",
        "contentHash": "Q3DKpyFViP84IUlTFKH/zIkswIrmSh2Vd/eFDo4wlOHy4DYxoweZEEw4kDEiKt9VCX6o7SddK3HK2xDYyFpexA==",
        "dependencies": {
          "Microsoft.IdentityModel.Logging": "7.5.1"
        }
      },
      "Microsoft.IO.RecyclableMemoryStream": {
        "type": "Transitive",
        "resolved": "3.0.1",
        "contentHash": "s/s20YTVY9r9TPfTrN5g8zPF1YhwxyqO6PxUkrYTGI2B+OGPe9AdajWZrLhFqXIvqIW23fnUE4+ztrUWNU1+9g=="
      },
      "Microsoft.Maui.Controls.Build.Tasks": {
        "type": "Transitive",
        "resolved": "9.0.110",
        "contentHash": "WSsPaW2Y0S9vTircGAMhdYcomSitKgO2w90FswH2slu7X3kP5QThUiZDCFzhqu41VKDI7TlHu9vhHWJZC5oyyQ==",
        "dependencies": {
          "Microsoft.Maui.Controls.Core": "9.0.110",
          "Microsoft.Maui.Controls.Xaml": "9.0.110"
        }
      },
      "Microsoft.Maui.Controls.Core": {
        "type": "Transitive",
        "resolved": "9.0.110",
        "contentHash": "19A/dYQ9rhvjnX7qJmWQIoNJzCAHVBv2GDjzPsJSrwDy9Du2DBf1G+wr+VytTfxrnTe5I1DC7j6++PuRpFcV/A==",
        "dependencies": {
          "Microsoft.Extensions.Configuration": "9.0.8",
          "Microsoft.Extensions.DependencyInjection": "9.0.8",
          "Microsoft.Extensions.Logging": "9.0.8",
          "Microsoft.Extensions.Logging.Abstractions": "9.0.8",
          "Microsoft.Maui.Core": "9.0.110"
        }
      },
      "Microsoft.Maui.Controls.Xaml": {
        "type": "Transitive",
        "resolved": "9.0.110",
        "contentHash": "dkj1xonlWMUHEjC70bgtijVRVQTEuQQNw8Chfl2uHOCmatOF2dc61/YMm+6TBO9VeTm36TIr10Ft8QTNv2dIRw==",
        "dependencies": {
          "Microsoft.Extensions.Configuration": "9.0.8",
          "Microsoft.Maui.Controls.Core": "9.0.110",
          "Microsoft.Maui.Core": "9.0.110"
        }
      },
      "Microsoft.Maui.Core": {
        "type": "Transitive",
        "resolved": "9.0.110",
        "contentHash": "eabhohJV+mZqqNMEcmZmVK/cTOdFO0MFKU3+mccC5Ipvgy8NC3J7KRmDWKOlQmscEtnHhUQNIOuos+vfcTm8eQ==",
        "dependencies": {
          "Microsoft.Extensions.Configuration": "9.0.8",
          "Microsoft.Extensions.DependencyInjection": "9.0.8",
          "Microsoft.Extensions.Logging": "9.0.8",
          "Microsoft.Extensions.Logging.Abstractions": "9.0.8",
          "Microsoft.Graphics.Win2D": "1.3.2",
          "Microsoft.Maui.Essentials": "9.0.110",
          "Microsoft.Maui.Graphics": "9.0.110",
          "Microsoft.Maui.Graphics.Win2D.WinUI.Desktop": "9.0.110",
          "Microsoft.Web.WebView2": "1.0.3179.45",
          "Microsoft.Windows.SDK.BuildTools": "10.0.22621.756",
          "Microsoft.WindowsAppSDK": "1.7.250606001"
        }
      },
      "Microsoft.Maui.Essentials": {
        "type": "Transitive",
        "resolved": "9.0.110",
        "contentHash": "Rq31SaniiwRglrNeCXyYclDCM9ywYLifH8unN0pHcj229tbdd5eQ1eeD5KamNFsN5hdUOj/m9U0bfWzaV8P+rg==",
        "dependencies": {
          "Microsoft.Maui.Graphics": "9.0.110",
          "Microsoft.Web.WebView2": "1.0.3179.45"
        }
      },
      "Microsoft.Maui.Graphics": {
        "type": "Transitive",
        "resolved": "9.0.110",
        "contentHash": "eIWrCOYX0zq3rkAAn7In6/EFDSFrsUv/JTEdvIBkykQ7KsAEqsO3CryuuJRxEN8DfVv9+yibBP4G47CKtXb35A==",
        "dependencies": {
          "Microsoft.Graphics.Win2D": "1.3.2",
          "Microsoft.IO.RecyclableMemoryStream": "3.0.1"
        }
      },
      "Microsoft.Maui.Graphics.Win2D.WinUI.Desktop": {
        "type": "Transitive",
        "resolved": "9.0.110",
        "contentHash": "V63CH5UFnnto8QrBG547NL1O57qEbzBkaVJH84ebUL1/vXskgusYamzQEZ5UW90JiVXrE9NtyjFo79/MVopj8Q==",
        "dependencies": {
          "Microsoft.Graphics.Win2D": "1.3.2",
          "Microsoft.Maui.Graphics": "9.0.110"
        }
      },
      "Microsoft.Maui.Resizetizer": {
        "type": "Transitive",
        "resolved": "9.0.110",
        "contentHash": "zCnJrUAW9mmKWgwawOvBQG9uJ0rqaTCLkWFRQuqJ6ZRvXu3sPZRV2KWh6Sm8cJgkaDGjCuHdrj7q5DnO1ocj1Q=="
      },
      "Microsoft.Web.WebView2": {
        "type": "Transitive",
        "resolved": "1.0.3179.45",
        "contentHash": "3pokSH5CnN0G6rGhGFo1y87inxYhNxBQ2Vdf0wlvBj99KHxQJormjDACmqRnFeUsmuNFIhWwfAL1ztq7wD5qRA=="
      },
      "Microsoft.Windows.SDK.BuildTools": {
        "type": "Transitive",
        "resolved": "10.0.22621.756",
        "contentHash": "7ZL2sFSioYm1Ry067Kw1hg0SCcW5kuVezC2SwjGbcPE61Nn+gTbH86T73G3LcEOVj0S3IZzNuE/29gZvOLS7VA=="
      },
      "Microsoft.WindowsAppSDK": {
        "type": "Transitive",
        "resolved": "1.7.250606001",
        "contentHash": "LdMRw0HqGu/w0DQKDRaABdIuSL8GiRitHSMiHH3SAR715/mEiWtVWPRJKp0aMcQ6JiBBqkQVZgu71MeXmQipkw==",
        "dependencies": {
          "Microsoft.Web.WebView2": "1.0.2903.40",
          "Microsoft.Windows.SDK.BuildTools": "10.0.22621.756"
        }
      },
      "MimeMapping": {
        "type": "Transitive",
        "resolved": "3.0.1",
        "contentHash": "lhYcUVnWKaqrboAwi05YLCx3wdluM9Sr1Mv5Emhgc8c8yNVvdiSEnQJMdDvgb4grlYTaOmbnhYaezoeateX95w=="
      },
      "Newtonsoft.Json": {
        "type": "Transitive",
        "resolved": "13.0.3",
        "contentHash": "HrC5BXdl00IP9zeV+0Z848QWPAoCr9P3bDEZguI+gkLcBKAOxix/tLEAAHC+UvDNPv4a2d18lOReHMOagPa+zQ=="
      },
      "SQLitePCLRaw.core": {
        "type": "Transitive",
        "resolved": "2.1.11",
        "contentHash": "PK0GLFkfhZzLQeR3PJf71FmhtHox+U3vcY6ZtswoMjrefkB9k6ErNJEnwXqc5KgXDSjige2XXrezqS39gkpQKA==",
        "dependencies": {
          "System.Memory": "4.5.3"
        }
      },
      "SQLitePCLRaw.lib.e_sqlite3": {
        "type": "Transitive",
        "resolved": "2.1.11",
        "contentHash": "Ev2ytaXiOlWZ4b3R67GZBsemTINslLD1DCJr2xiacpn4tbapu0Q4dHEzSvZSMnVWeE5nlObU3VZN2p81q3XOYQ=="
      },
      "SQLitePCLRaw.provider.e_sqlite3": {
        "type": "Transitive",
        "resolved": "2.1.11",
        "contentHash": "Y/0ZkR+r0Cg3DQFuCl1RBnv/tmxpIZRU3HUvelPw6MVaKHwYYR8YNvgs0vuNuXCMvlyJ+Fh88U1D4tah1tt6qw==",
        "dependencies": {
          "SQLitePCLRaw.core": "2.1.11"
        }
      },
      "Supabase.Core": {
        "type": "Transitive",
        "resolved": "1.0.0",
        "contentHash": "fJK3Kfq1alw53AGWHBr+dhPu+BUR5dKuBjGhcxrFRVdsFFFWSD5iPIdTYi0CUQDA2b1OjGudYL1xd51yp4hU9Q=="
      },
      "Supabase.Functions": {
        "type": "Transitive",
        "resolved": "2.0.0",
        "contentHash": "rc6zlo6XFkQw/B9fEgwpXHtmNPrnnHmtc96PTbviBJ9lzqPT/Un/G3V9MltlORtnG2RLkLvvS/t2AXAO8m2SCQ==",
        "dependencies": {
          "Newtonsoft.Json": "13.0.3",
          "Supabase.Core": "1.0.0"
        }
      },
      "Supabase.Gotrue": {
        "type": "Transitive",
        "resolved": "6.0.3",
        "contentHash": "8dkg000ib95bJm0ffDPUrALrefBHrkiqcolNjuUEStF2TeytPbV+OtOUJAMBOqZ2f1nsCY61Ck/7NOmOyGteDw==",
        "dependencies": {
          "Newtonsoft.Json": "13.0.3",
          "Supabase.Core": "1.0.0",
          "System.IdentityModel.Tokens.Jwt": "7.5.1"
        }
      },
      "Supabase.Postgrest": {
        "type": "Transitive",
        "resolved": "4.0.3",
        "contentHash": "hpDIh+E5bDgZiHMuM6l+RDm9WWlt/T3fXXFQoqzlsrJFesFMNzkK9feVBG5egJyL/OlwmxuLsnPkR7O+bV3Vcw==",
        "dependencies": {
          "Newtonsoft.Json": "13.0.3",
          "Supabase.Core": "1.0.0"
        }
      },
      "Supabase.Realtime": {
        "type": "Transitive",
        "resolved": "7.0.2",
        "contentHash": "9nwlR9RR+uyD63VUaiqAPsd76NaeM6ORAHq7otc4G34RzBtf6aqjPg9IF6d1DGIk78/lJP31+D4NJmQhl3PkJQ==",
        "dependencies": {
          "Newtonsoft.Json": "13.0.3",
          "Supabase.Core": "1.0.0",
          "Supabase.Postgrest": "4.0.3",
          "Websocket.Client": "5.1.1"
        }
      },
      "Supabase.Storage": {
        "type": "Transitive",
        "resolved": "2.0.2",
        "contentHash": "YKxgwVgLjxi32ze29FT8aSLifiTVSZSxSyI9taOewp6wuxh+aMIPLKWtGEhFhegLv2iFwGcZ3ybMDkCi6RB7Rw==",
        "dependencies": {
          "MimeMapping": "3.0.1",
          "Newtonsoft.Json": "13.0.3",
          "Supabase.Core": "1.0.0"
        }
      },
      "System.IdentityModel.Tokens.Jwt": {
        "type": "Transitive",
        "resolved": "7.5.1",
        "contentHash": "UUw+E0R73lZLlXgneYIJQxNs1kfbcxjVzw64JQyiwjqCd4HMpAbjn+xRo86QZT84uHq8/MkqvfH82tgjgPzpuw==",
        "dependencies": {
          "Microsoft.IdentityModel.JsonWebTokens": "7.5.1",
          "Microsoft.IdentityModel.Tokens": "7.5.1"
        }
      },
      "System.Memory": {
        "type": "Transitive",
        "resolved": "4.5.3",
        "contentHash": "3oDzvc/zzetpTKWMShs1AADwZjQ/36HnsufHRPcOjyRAAMLDlu2iD33MBI2opxnezcVUtXyqDXXjoFMOU9c7SA=="
      },
      "System.Reactive": {
        "type": "Transitive",
        "resolved": "6.0.0",
        "contentHash": "31kfaW4ZupZzPsI5PVe77VhnvFF55qgma7KZr/E0iFTs6fmdhhG8j0mgEx620iLTey1EynOkEfnyTjtNEpJzGw=="
      },
      "System.Speech": {
        "type": "Transitive",
        "resolved": "9.0.5",
        "contentHash": "nPZ2rcEVaZlxaLwBamFzz8f5MVM7Y08kzmDbcedXgeSWCGS9NN8mFjSsuTZm3W5pQLI4QhHmcu4h7A0Wf+cD/Q=="
      },
      "System.Threading.Channels": {
        "type": "Transitive",
        "resolved": "8.0.0",
        "contentHash": "CMaFr7v+57RW7uZfZkPExsPB6ljwzhjACWW1gfU35Y56rk72B/Wu+sTqxVmGSk4SFUlPc3cjeKND0zktziyjBA=="
      },
      "Websocket.Client": {
        "type": "Transitive",
        "resolved": "5.1.1",
        "contentHash": "VpQV6b8HRnw6bFFIPTOOMtOxba3/viH9K2U2LdOYNjQ2b2HrLHxjodmJr3nPwyNSrtrRPr1RDwOMJ5qqlPnCVg==",
        "dependencies": {
          "Microsoft.Extensions.Logging.Abstractions": "8.0.0",
          "Microsoft.IO.RecyclableMemoryStream": "3.0.0",
          "System.Reactive": "6.0.0",
          "System.Threading.Channels": "8.0.0"
        }
      },
      "supabaseshared": {
        "type": "Project",
        "dependencies": {
          "Supabase.Postgrest": "[4.0.3, )"
        }
      }
    },
    "net9.0-windows10.0.19041/win10-x64": {
      "Microsoft.Graphics.Win2D": {
        "type": "Transitive",
        "resolved": "1.3.2",
        "contentHash": "xAv4+Xj8wePW1innIUSXebX6UHMGDzOxwKPwYNUNY7mBrsRL/hPFEtuPLpBSxc3iBnuaCogPDCDeN7T4b1xV0Q==",
        "dependencies": {
          "Microsoft.WindowsAppSDK": "1.6.241114003"
        }
      },
      "Microsoft.Web.WebView2": {
        "type": "Transitive",
        "resolved": "1.0.3179.45",
        "contentHash": "3pokSH5CnN0G6rGhGFo1y87inxYhNxBQ2Vdf0wlvBj99KHxQJormjDACmqRnFeUsmuNFIhWwfAL1ztq7wD5qRA=="
      },
      "Microsoft.WindowsAppSDK": {
        "type": "Transitive",
        "resolved": "1.7.250606001",
        "contentHash": "LdMRw0HqGu/w0DQKDRaABdIuSL8GiRitHSMiHH3SAR715/mEiWtVWPRJKp0aMcQ6JiBBqkQVZgu71MeXmQipkw==",
        "dependencies": {
          "Microsoft.Web.WebView2": "1.0.2903.40",
          "Microsoft.Windows.SDK.BuildTools": "10.0.22621.756"
        }
      },
      "SQLitePCLRaw.lib.e_sqlite3": {
        "type": "Transitive",
        "resolved": "2.1.11",
        "contentHash": "Ev2ytaXiOlWZ4b3R67GZBsemTINslLD1DCJr2xiacpn4tbapu0Q4dHEzSvZSMnVWeE5nlObU3VZN2p81q3XOYQ=="
      },
      "System.Speech": {
        "type": "Transitive",
        "resolved": "9.0.5",
        "contentHash": "nPZ2rcEVaZlxaLwBamFzz8f5MVM7Y08kzmDbcedXgeSWCGS9NN8mFjSsuTZm3W5pQLI4QhHmcu4h7A0Wf+cD/Q=="
      }
    }
  }
}